{
    "requires": true,
    "lockfileVersion": 1,
    "dependencies": {
        "bootstrap": {
            "version": "4.1.1",
            "resolved": "https://registry.npmjs.org/bootstrap/-/bootstrap-4.1.1.tgz",
            "integrity": "sha512-SpiDSOcbg4J/PjVSt4ny5eY6j74VbVSjROY4Fb/WIUXBV9cnb5luyR4KnPvNoXuGnBK1T+nJIWqRsvU3yP8Mcg=="
        },
        "bootstrap-italia": {
            "version": "0.8.2",
            "resolved": "https://registry.npmjs.org/bootstrap-italia/-/bootstrap-italia-0.8.2.tgz",
            "integrity": "sha512-a6HQLKLwHwPm1pUbWDvBlPJ/O30PepAZAzbjJ2WJwvnkjENlzXa+bgdm9nFagx6J2v6sVJ3yu+gAJN5FSqkURw==",
            "requires": {
                "bootstrap": "4.1.1",
                "jquery": "3.3.1",
                "pickadate": "3.5.6",
                "popper.js": "1.14.3"
            }
        },
        "desandro-matches-selector": {
            "version": "2.0.2",
            "resolved": "https://registry.npmjs.org/desandro-matches-selector/-/desandro-matches-selector-2.0.2.tgz",
            "integrity": "sha1-cXvu1NwT59jzdi9wem1YpndCGOE="
        },
        "ev-emitter": {
            "version": "1.1.1",
            "resolved": "https://registry.npmjs.org/ev-emitter/-/ev-emitter-1.1.1.tgz",
            "integrity": "sha512-ipiDYhdQSCZ4hSbX4rMW+XzNKMD1prg/sTvoVmSLkuQ1MVlwjJQQA+sW8tMYR3BLUr9KjodFV4pvzunvRhd33Q=="
        },
        "fizzy-ui-utils": {
            "version": "2.0.7",
            "resolved": "https://registry.npmjs.org/fizzy-ui-utils/-/fizzy-ui-utils-2.0.7.tgz",
            "integrity": "sha512-CZXDVXQ1If3/r8s0T+v+qVeMshhfcuq0rqIFgJnrtd+Bu8GmDmqMjntjUePypVtjHXKJ6V4sw9zeyox34n9aCg==",
            "requires": {
                "desandro-matches-selector": "2.0.2"
            }
        },
        "get-size": {
            "version": "2.0.3",
            "resolved": "https://registry.npmjs.org/get-size/-/get-size-2.0.3.tgz",
            "integrity": "sha512-lXNzT/h/dTjTxRbm9BXb+SGxxzkm97h/PCIKtlN/CBCxxmkkIVV21udumMS93MuVTDX583gqc94v3RjuHmI+2Q=="
        },
        "isotope-layout": {
            "version": "3.0.6",
            "resolved": "https://registry.npmjs.org/isotope-layout/-/isotope-layout-3.0.6.tgz",
            "integrity": "sha512-z2ZKablhocXhoNyWwzJPFd7u7FWbYbVJA51Nvsqsod8jH2ExGc1SwDsSWKE54e3PhXzqf2yZPhFSq/c2MR1arw==",
            "requires": {
                "desandro-matches-selector": "2.0.2",
                "fizzy-ui-utils": "2.0.7",
                "get-size": "2.0.3",
                "masonry-layout": "4.2.1",
                "outlayer": "2.1.1"
            }
        },
        "isotope-masonry-horizontal": {
            "version": "2.0.1",
            "resolved": "https://registry.npmjs.org/isotope-masonry-horizontal/-/isotope-masonry-horizontal-2.0.1.tgz",
            "integrity": "sha512-H0sDZQ2D5VZ37ALb04hII0JAoDqVZ3ewbgiHbGBqrVMwBrEeJ0ZldB9hzbeeRQhHeEPWNV3p5xuLVd2pOEnMMA==",
            "requires": {
                "get-size": "2.0.3",
                "isotope-layout": "3.0.6"
            }
        },
        "jquery": {
            "version": "3.3.1",
            "resolved": "https://registry.npmjs.org/jquery/-/jquery-3.3.1.tgz",
            "integrity": "sha512-Ubldcmxp5np52/ENotGxlLe6aGMvmF4R8S6tZjsP6Knsaxd/xp3Zrh50cG93lR6nPXyUFwzN3ZSOQI0wRJNdGg=="
        },
        "masonry-layout": {
            "version": "4.2.1",
            "resolved": "https://registry.npmjs.org/masonry-layout/-/masonry-layout-4.2.1.tgz",
            "integrity": "sha512-ngJmxszn+JSKreNnrwkjks9OUuwVL2JR8T4iVeE3+g+sJjyoxTLdUNRbYONA25y+nWZn+WZI2GvThRAV+z5Duw==",
            "requires": {
                "get-size": "2.0.3",
                "outlayer": "2.1.1"
            }
        },
        "outlayer": {
            "version": "2.1.1",
            "resolved": "https://registry.npmjs.org/outlayer/-/outlayer-2.1.1.tgz",
            "integrity": "sha1-KYY7beEOpdrf/8rfoNcokHOH6aI=",
            "requires": {
                "ev-emitter": "1.1.1",
                "fizzy-ui-utils": "2.0.7",
                "get-size": "2.0.3"
            }
        },
        "pickadate": {
            "version": "3.5.6",
            "resolved": "https://registry.npmjs.org/pickadate/-/pickadate-3.5.6.tgz",
            "integrity": "sha1-yZgwI0O3mhmVT8ScRcxwg0dgKAY=",
            "requires": {
                "jquery": "3.3.1"
            }
        },
        "popper.js": {
            "version": "1.14.3",
            "resolved": "https://registry.npmjs.org/popper.js/-/popper.js-1.14.3.tgz",
            "integrity": "sha1-FDj5jQRqz3tNeM1QK/QYrGTU8JU="
        }
    }
}
